// !$*UTF8*$!
{
	archiveVersion = 1;
	classes = {
	};
	objectVersion = 77;
	objects = {

/* Begin PBXBuildFile section */
		02FC95CA2FD5F9B800793D76 /* NIL in Frameworks */ = {isa = PBXBuildFile; productRef = 02FC95C92FD5F9B800793D76 /* NIL */; };
/* End PBXBuildFile section */

/* Begin PBXContainerItemProxy section */
		02FC95AB2FD5F8D300793D76 /* PBXContainerItemProxy */ = {
			isa = PBXContainerItemProxy;
			containerPortal = 02FC95952FD5F8D100793D76 /* Project object */;
			proxyType = 1;
			remoteGlobalIDString = 02FC959C2FD5F8D100793D76;
			remoteInfo = NILSample;
		};
		02FC95B52FD5F8D300793D76 /* PBXContainerItemProxy */ = {
			isa = PBXContainerItemProxy;
			containerPortal = 02FC95952FD5F8D100793D76 /* Project object */;
			proxyType = 1;
			remoteGlobalIDString = 02FC959C2FD5F8D100793D76;
			remoteInfo = NILSample;
		};
/* End PBXContainerItemProxy section */

/* Begin PBXFileReference section */
		02FC959D2FD5F8D100793D76 /* NILSample.app */ = {isa = PBXFileReference; explicitFileType = wrapper.application; includeInIndex = 0; path = NILSample.app; sourceTree = BUILT_PRODUCTS_DIR; };
		02FC95AA2FD5F8D300793D76 /* NILSampleTests.xctest */ = {isa = PBXFileReference; explicitFileType = wrapper.cfbundle; includeInIndex = 0; path = NILSampleTests.xctest; sourceTree = BUILT_PRODUCTS_DIR; };
		02FC95B42FD5F8D300793D76 /* NILSampleUITests.xctest */ = {isa = PBXFileReference; explicitFileType = wrapper.cfbundle; includeInIndex = 0; path = NILSampleUITests.xctest; sourceTree = BUILT_PRODUCTS_DIR; };
/* End PBXFileReference section */

/* Begin PBXFileSystemSynchronizedRootGroup section */
		02FC959F2FD5F8D100793D76 /* NILSample */ = {
			isa = PBXFileSystemSynchronizedRootGroup;
			path = NILSample;
			sourceTree = "<group>";
		};
		02FC95AD2FD5F8D300793D76 /* NILSampleTests */ = {
			isa = PBXFileSystemSynchronizedRootGroup;
			path = NILSampleTests;
			sourceTree = "<group>";
		};
		02FC95B72FD5F8D300793D76 /* NILSampleUITests */ = {
			isa = PBXFileSystemSynchronizedRootGroup;
			path = NILSampleUITests;
			sourceTree = "<group>";
		};
/* End PBXFileSystemSynchronizedRootGroup section */

/* Begin PBXFrameworksBuildPhase section */
		02FC959A2FD5F8D100793D76 /* Frameworks */ = {
			isa = PBXFrameworksBuildPhase;
			buildActionMask = 2147483647;
			files = (
				02FC95CA2FD5F9B800793D76 /* NIL in Frameworks */,
			);
			runOnlyForDeploymentPostprocessing = 0;
		};
		02FC95A72FD5F8D300793D76 /* Frameworks */ = {
			isa = PBXFrameworksBuildPhase;
			buildActionMask = 2147483647;
			files = (
			);
			runOnlyForDeploymentPostprocessing = 0;
		};
		02FC95B12FD5F8D300793D76 /* Frameworks */ = {
			isa = PBXFrameworksBuildPhase;
			buildActionMask = 2147483647;
			files = (
			);
			runOnlyForDeploymentPostprocessing = 0;
		};
/* End PBXFrameworksBuildPhase section */

/* Begin PBXGroup section */
		02FC95942FD5F8D100793D76 = {
			isa = PBXGroup;
			children = (
				02FC959F2FD5F8D100793D76 /* NILSample */,
				02FC95AD2FD5F8D300793D76 /* NILSampleTests */,
				02FC95B72FD5F8D300793D76 /* NILSampleUITests */,
				02FC959E2FD5F8D100793D76 /* Products */,
			);
			sourceTree = "<group>";
		};
		02FC959E2FD5F8D100793D76 /* Products */ = {
			isa = PBXGroup;
			children = (
				02FC959D2FD5F8D100793D76 /* NILSample.app */,
				02FC95AA2FD5F8D300793D76 /* NILSampleTests.xctest */,
				02FC95B42FD5F8D300793D76 /* NILSampleUITests.xctest */,
			);
			name = Products;
			sourceTree = "<group>";
		};
/* End PBXGroup section */

/* Begin PBXNativeTarget section */
		02FC959C2FD5F8D100793D76 /* NILSample */ = {
			isa = PBXNativeTarget;
			buildConfigurationList = 02FC95BE2FD5F8D300793D76 /* Build configuration list for PBXNativeTarget "NILSample" */;
			buildPhases = (
				02FC95992FD5F8D100793D76 /* Sources */,
				02FC959A2FD5F8D100793D76 /* Frameworks */,
				02FC959B2FD5F8D100793D76 /* Resources */,
			);
			buildRules = (
			);
			dependencies = (
			);
			fileSystemSynchronizedGroups = (
				02FC959F2FD5F8D100793D76 /* NILSample */,
			);
			name = NILSample;
			packageProductDependencies = (
				02FC95C92FD5F9B800793D76 /* NIL */,
			);
			productName = NILSample;
			productReference = 02FC959D2FD5F8D100793D76 /* NILSample.app */;
			productType = "com.apple.product-type.application";
		};
		02FC95A92FD5F8D300793D76 /* NILSampleTests */ = {
			isa = PBXNativeTarget;
			buildConfigurationList = 02FC95C12FD5F8D300793D76 /* Build configuration list for PBXNativeTarget "NILSampleTests" */;
			buildPhases = (
				02FC95A62FD5F8D300793D76 /* Sources */,
				02FC95A72FD5F8D300793D76 /* Frameworks */,
				02FC95A82FD5F8D300793D76 /* Resources */,
			);
			buildRules = (
			);
			dependencies = (
				02FC95AC2FD5F8D300793D76 /* PBXTargetDependency */,
			);
			fileSystemSynchronizedGroups = (
				02FC95AD2FD5F8D300793D76 /* NILSampleTests */,
			);
			name = NILSampleTests;
			packageProductDependencies = (
			);
			productName = NILSampleTests;
			productReference = 02FC95AA2FD5F8D300793D76 /* NILSampleTests.xctest */;
			productType = "com.apple.product-type.bundle.unit-test";
		};
		02FC95B32FD5F8D300793D76 /* NILSampleUITests */ = {
			isa = PBXNativeTarget;
			buildConfigurationList = 02FC95C42FD5F8D300793D76 /* Build configuration list for PBXNativeTarget "NILSampleUITests" */;
			buildPhases = (
				02FC95B02FD5F8D300793D76 /* Sources */,
				02FC95B12FD5F8D300793D76 /* Frameworks */,
				02FC95B22FD5F8D300793D76 /* Resources */,
			);
			buildRules = (
			);
			dependencies = (
				02FC95B62FD5F8D300793D76 /* PBXTargetDependency */,
			);
			fileSystemSynchronizedGroups = (
				02FC95B72FD5F8D300793D76 /* NILSampleUITests */,
			);
			name = NILSampleUITests;
			packageProductDependencies = (
			);
			productName = NILSampleUITests;
			productReference = 02FC95B42FD5F8D300793D76 /* NILSampleUITests.xctest */;
			productType = "com.apple.product-type.bundle.ui-testing";
		};
/* End PBXNativeTarget section */

/* Begin PBXProject section */
		02FC95952FD5F8D100793D76 /* Project object */ = {
			isa = PBXProject;
			attributes = {
				BuildIndependentTargetsInParallel = 1;
				LastSwiftUpdateCheck = 2620;
				LastUpgradeCheck = 2620;
				TargetAttributes = {
					02FC959C2FD5F8D100793D76 = {
						CreatedOnToolsVersion = 26.2;
					};
					02FC95A92FD5F8D300793D76 = {
						CreatedOnToolsVersion = 26.2;
						TestTargetID = 02FC959C2FD5F8D100793D76;
					};
					02FC95B32FD5F8D300793D76 = {
						CreatedOnToolsVersion = 26.2;
						TestTargetID = 02FC959C2FD5F8D100793D76;
					};
				};
			};
			buildConfigurationList = 02FC95982FD5F8D100793D76 /* Build configuration list for PBXProject "NILSample" */;
			developmentRegion = en;
			hasScannedForEncodings = 0;
			knownRegions = (
				en,
				Base,
			);
			mainGroup = 02FC95942FD5F8D100793D76;
			minimizedProjectReferenceProxies = 1;
			packageReferences = (
				02FC95D72FD5FBA400793D76 /* XCLocalSwiftPackageReference "../NIL" */,
			);
			preferredProjectObjectVersion = 77;
			productRefGroup = 02FC959E2FD5F8D100793D76 /* Products */;
			projectDirPath = "";
			projectRoot = "";
			targets = (
				02FC959C2FD5F8D100793D76 /* NILSample */,
				02FC95A92FD5F8D300793D76 /* NILSampleTests */,
				02FC95B32FD5F8D300793D76 /* NILSampleUITests */,
			);
		};
/* End PBXProject section */

/* Begin PBXResourcesBuildPhase section */
		02FC959B2FD5F8D100793D76 /* Resources */ = {
			isa = PBXResourcesBuildPhase;
			buildActionMask = 2147483647;
			files = (
			);
			runOnlyForDeploymentPostprocessing = 0;
		};
		02FC95A82FD5F8D300793D76 /* Resources */ = {
			isa = PBXResourcesBuildPhase;
			buildActionMask = 2147483647;
			files = (
			);
			runOnlyForDeploymentPostprocessing = 0;
		};
		02FC95B22FD5F8D300793D76 /* Resources */ = {
			isa = PBXResourcesBuildPhase;
			buildActionMask = 2147483647;
			files = (
			);
			runOnlyForDeploymentPostprocessing = 0;
		};
/* End PBXResourcesBuildPhase section */

/* Begin PBXSourcesBuildPhase section */
		02FC95992FD5F8D100793D76 /* Sources */ = {
			isa = PBXSourcesBuildPhase;
			buildActionMask = 2147483647;
			files = (
			);
			runOnlyForDeploymentPostprocessing = 0;
		};
		02FC95A62FD5F8D300793D76 /* Sources */ = {
			isa = PBXSourcesBuildPhase;
			buildActionMask = 2147483647;
			files = (
			);
			runOnlyForDeploymentPostprocessing = 0;
		};
		02FC95B02FD5F8D300793D76 /* Sources */ = {
			isa = PBXSourcesBuildPhase;
			buildActionMask = 2147483647;
			files = (
			);
			runOnlyForDeploymentPostprocessing = 0;
		};
/* End PBXSourcesBuildPhase section */

/* Begin PBXTargetDependency section */
		02FC95AC2FD5F8D300793D76 /* PBXTargetDependency */ = {
			isa = PBXTargetDependency;
			target = 02FC959C2FD5F8D100793D76 /* NILSample */;
			targetProxy = 02FC95AB2FD5F8D300793D76 /* PBXContainerItemProxy */;
		};
		02FC95B62FD5F8D300793D76 /* PBXTargetDependency */ = {
			isa = PBXTargetDependency;
			target = 02FC959C2FD5F8D100793D76 /* NILSample */;
			targetProxy = 02FC95B52FD5F8D300793D76 /* PBXContainerItemProxy */;
		};
/* End PBXTargetDependency section */

/* Begin XCBuildConfiguration section */
		02FC95BC2FD5F8D300793D76 /* Debug */ = {
			isa = XCBuildConfiguration;
			buildSettings = {
				ALWAYS_SEARCH_USER_PATHS = NO;
				ASSETCATALOG_COMPILER_GENERATE_SWIFT_ASSET_SYMBOL_EXTENSIONS = YES;
				CLANG_ANALYZER_NONNULL = YES;
				CLANG_ANALYZER_NUMBER_OBJECT_CONVERSION = YES_AGGRESSIVE;
				CLANG_CXX_LANGUAGE_STANDARD = "gnu++20";
				CLANG_ENABLE_MODULES = YES;
				CLANG_ENABLE_OBJC_ARC = YES;
				CLANG_ENABLE_OBJC_WEAK = YES;
				CLANG_WARN_BLOCK_CAPTURE_AUTORELEASING = YES;
				CLANG_WARN_BOOL_CONVERSION = YES;
				CLANG_WARN_COMMA = YES;
				CLANG_WARN_CONSTANT_CONVERSION = YES;
				CLANG_WARN_DEPRECATED_OBJC_IMPLEMENTATIONS = YES;
				CLANG_WARN_DIRECT_OBJC_ISA_USAGE = YES_ERROR;
				CLANG_WARN_DOCUMENTATION_COMMENTS = YES;
				CLANG_WARN_EMPTY_BODY = YES;
				CLANG_WARN_ENUM_CONVERSION = YES;
				CLANG_WARN_INFINITE_RECURSION = YES;
				CLANG_WARN_INT_CONVERSION = YES;
				CLANG_WARN_NON_LITERAL_NULL_CONVERSION = YES;
				CLANG_WARN_OBJC_IMPLICIT_RETAIN_SELF = YES;
				CLANG_WARN_OBJC_LITERAL_CONVERSION = YES;
				CLANG_WARN_OBJC_ROOT_CLASS = YES_ERROR;
				CLANG_WARN_QUOTED_INCLUDE_IN_FRAMEWORK_HEADER = YES;
				CLANG_WARN_RANGE_LOOP_ANALYSIS = YES;
				CLANG_WARN_STRICT_PROTOTYPES = YES;
				CLANG_WARN_SUSPICIOUS_MOVE = YES;
				CLANG_WARN_UNGUARDED_AVAILABILITY = YES_AGGRESSIVE;
				CLANG_WARN_UNREACHABLE_CODE = YES;
				CLANG_WARN__DUPLICATE_METHOD_MATCH = YES;
				COPY_PHASE_STRIP = NO;
				DEBUG_INFORMATION_FORMAT = dwarf;
				DEVELOPMENT_TEAM = WUT3LDJ9WL;
				ENABLE_STRICT_OBJC_MSGSEND = YES;
				ENABLE_TESTABILITY = YES;
				ENABLE_USER_SCRIPT_SANDBOXING = YES;
				GCC_C_LANGUAGE_STANDARD = gnu17;
				GCC_DYNAMIC_NO_PIC = NO;
				GCC_NO_COMMON_BLOCKS = YES;
				GCC_OPTIMIZATION_LEVEL = 0;
				GCC_PREPROCESSOR_DEFINITIONS = (
					"DEBUG=1",
					"$(inherited)",
				);
				GCC_WARN_64_TO_32_BIT_CONVERSION = YES;
				GCC_WARN_ABOUT_RETURN_TYPE = YES_ERROR;
				GCC_WARN_UNDECLARED_SELECTOR = YES;
				GCC_WARN_UNINITIALIZED_AUTOS = YES_AGGRESSIVE;
				GCC_WARN_UNUSED_FUNCTION = YES;
				GCC_WARN_UNUSED_VARIABLE = YES;
				IPHONEOS_DEPLOYMENT_TARGET = 26.2;
				LOCALIZATION_PREFERS_STRING_CATALOGS = YES;
				MTL_ENABLE_DEBUG_INFO = INCLUDE_SOURCE;
				MTL_FAST_MATH = YES;
				ONLY_ACTIVE_ARCH = YES;
				SDKROOT = iphoneos;
				SWIFT_ACTIVE_COMPILATION_CONDITIONS = "DEBUG $(inherited)";
				SWIFT_OPTIMIZATION_LEVEL = "-Onone";
			};
			name = Debug;
		};
		02FC95BD2FD5F8D300793D76 /* Release */ = {
			isa = XCBuildConfiguration;
			buildSettings = {
				ALWAYS_SEARCH_USER_PATHS = NO;
				ASSETCATALOG_COMPILER_GENERATE_SWIFT_ASSET_SYMBOL_EXTENSIONS = YES;
				CLANG_ANALYZER_NONNULL = YES;
				CLANG_ANALYZER_NUMBER_OBJECT_CONVERSION = YES_AGGRESSIVE;
				CLANG_CXX_LANGUAGE_STANDARD = "gnu++20";
				CLANG_ENABLE_MODULES = YES;
				CLANG_ENABLE_OBJC_ARC = YES;
				CLANG_ENABLE_OBJC_WEAK = YES;
				CLANG_WARN_BLOCK_CAPTURE_AUTORELEASING = YES;
				CLANG_WARN_BOOL_CONVERSION = YES;
				CLANG_WARN_COMMA = YES;
				CLANG_WARN_CONSTANT_CONVERSION = YES;
				CLANG_WARN_DEPRECATED_OBJC_IMPLEMENTATIONS = YES;
				CLANG_WARN_DIRECT_OBJC_ISA_USAGE = YES_ERROR;
				CLANG_WARN_DOCUMENTATION_COMMENTS = YES;
				CLANG_WARN_EMPTY_BODY = YES;
				CLANG_WARN_ENUM_CONVERSION = YES;
				CLANG_WARN_INFINITE_RECURSION = YES;
				CLANG_WARN_INT_CONVERSION = YES;
				CLANG_WARN_NON_LITERAL_NULL_CONVERSION = YES;
				CLANG_WARN_OBJC_IMPLICIT_RETAIN_SELF = YES;
				CLANG_WARN_OBJC_LITERAL_CONVERSION = YES;
				CLANG_WARN_OBJC_ROOT_CLASS = YES_ERROR;
				CLANG_WARN_QUOTED_INCLUDE_IN_FRAMEWORK_HEADER = YES;
				CLANG_WARN_RANGE_LOOP_ANALYSIS = YES;
				CLANG_WARN_STRICT_PROTOTYPES = YES;
				CLANG_WARN_SUSPICIOUS_MOVE = YES;
				CLANG_WARN_UNGUARDED_AVAILABILITY = YES_AGGRESSIVE;
				CLANG_WARN_UNREACHABLE_CODE = YES;
				CLANG_WARN__DUPLICATE_METHOD_MATCH = YES;
				COPY_PHASE_STRIP = NO;
				DEBUG_INFORMATION_FORMAT = "dwarf-with-dsym";
				DEVELOPMENT_TEAM = WUT3LDJ9WL;
				ENABLE_NS_ASSERTIONS = NO;
				ENABLE_STRICT_OBJC_MSGSEND = YES;
				ENABLE_USER_SCRIPT_SANDBOXING = YES;
				GCC_C_LANGUAGE_STANDARD = gnu17;
				GCC_NO_COMMON_BLOCKS = YES;
				GCC_WARN_64_TO_32_BIT_CONVERSION = YES;
				GCC_WARN_ABOUT_RETURN_TYPE = YES_ERROR;
				GCC_WARN_UNDECLARED_SELECTOR = YES;
				GCC_WARN_UNINITIALIZED_AUTOS = YES_AGGRESSIVE;
				GCC_WARN_UNUSED_FUNCTION = YES;
				GCC_WARN_UNUSED_VARIABLE = YES;
				IPHONEOS_DEPLOYMENT_TARGET = 26.2;
				LOCALIZATION_PREFERS_STRING_CATALOGS = YES;
				MTL_ENABLE_DEBUG_INFO = NO;
				MTL_FAST_MATH = YES;
				SDKROOT = iphoneos;
				SWIFT_COMPILATION_MODE = wholemodule;
				VALIDATE_PRODUCT = YES;
			};
			name = Release;
		};
		02FC95BF2FD5F8D300793D76 /* Debug */ = {
			isa = XCBuildConfiguration;
			buildSettings = {
				ASSETCATALOG_COMPILER_APPICON_NAME = AppIcon;
				ASSETCATALOG_COMPILER_GLOBAL_ACCENT_COLOR_NAME = AccentColor;
				CODE_SIGN_STYLE = Automatic;
				CURRENT_PROJECT_VERSION = 1;
				DEVELOPMENT_TEAM = WUT3LDJ9WL;
				ENABLE_PREVIEWS = YES;
				GENERATE_INFOPLIST_FILE = YES;
				INFOPLIST_KEY_UIApplicationSceneManifest_Generation = YES;
				INFOPLIST_KEY_UIApplicationSupportsIndirectInputEvents = YES;
				INFOPLIST_KEY_UILaunchScreen_Generation = YES;
				INFOPLIST_KEY_UISupportedInterfaceOrientations_iPad = "UIInterfaceOrientationPortrait UIInterfaceOrientationPortraitUpsideDown UIInterfaceOrientationLandscapeLeft UIInterfaceOrientationLandscapeRight";
				INFOPLIST_KEY_UISupportedInterfaceOrientations_iPhone = "UIInterfaceOrientationPortrait UIInterfaceOrientationLandscapeLeft UIInterfaceOrientationLandscapeRight";
				LD_RUNPATH_SEARCH_PATHS = (
					"$(inherited)",
					"@executable_path/Frameworks",
				);
				MARKETING_VERSION = 1.0;
				PRODUCT_BUNDLE_IDENTIFIER = io.github.sandeshyele2000.NILSample;
				PRODUCT_NAME = "$(TARGET_NAME)";
				STRING_CATALOG_GENERATE_SYMBOLS = YES;
				SWIFT_APPROACHABLE_CONCURRENCY = YES;
				SWIFT_DEFAULT_ACTOR_ISOLATION = MainActor;
				SWIFT_EMIT_LOC_STRINGS = YES;
				SWIFT_UPCOMING_FEATURE_MEMBER_IMPORT_VISIBILITY = YES;
				SWIFT_VERSION = 5.0;
				TARGETED_DEVICE_FAMILY = "1,2";
			};
			name = Debug;
		};
		02FC95C02FD5F8D300793D76 /* Release */ = {
			isa = XCBuildConfiguration;
			buildSettings = {
				ASSETCATALOG_COMPILER_APPICON_NAME = AppIcon;
				ASSETCATALOG_COMPILER_GLOBAL_ACCENT_COLOR_NAME = AccentColor;
				CODE_SIGN_STYLE = Automatic;
				CURRENT_PROJECT_VERSION = 1;
				DEVELOPMENT_TEAM = WUT3LDJ9WL;
				ENABLE_PREVIEWS = YES;
				GENERATE_INFOPLIST_FILE = YES;
				INFOPLIST_KEY_UIApplicationSceneManifest_Generation = YES;
				INFOPLIST_KEY_UIApplicationSupportsIndirectInputEvents = YES;
				INFOPLIST_KEY_UILaunchScreen_Generation = YES;
				INFOPLIST_KEY_UISupportedInterfaceOrientations_iPad = "UIInterfaceOrientationPortrait UIInterfaceOrientationPortraitUpsideDown UIInterfaceOrientationLandscapeLeft UIInterfaceOrientationLandscapeRight";
				INFOPLIST_KEY_UISupportedInterfaceOrientations_iPhone = "UIInterfaceOrientationPortrait UIInterfaceOrientationLandscapeLeft UIInterfaceOrientationLandscapeRight";
				LD_RUNPATH_SEARCH_PATHS = (
					"$(inherited)",
					"@executable_path/Frameworks",
				);
				MARKETING_VERSION = 1.0;
				PRODUCT_BUNDLE_IDENTIFIER = io.github.sandeshyele2000.NILSample;
				PRODUCT_NAME = "$(TARGET_NAME)";
				STRING_CATALOG_GENERATE_SYMBOLS = YES;
				SWIFT_APPROACHABLE_CONCURRENCY = YES;
				SWIFT_DEFAULT_ACTOR_ISOLATION = MainActor;
				SWIFT_EMIT_LOC_STRINGS = YES;
				SWIFT_UPCOMING_FEATURE_MEMBER_IMPORT_VISIBILITY = YES;
				SWIFT_VERSION = 5.0;
				TARGETED_DEVICE_FAMILY = "1,2";
			};
			name = Release;
		};
		02FC95C22FD5F8D300793D76 /* Debug */ = {
			isa = XCBuildConfiguration;
			buildSettings = {
				BUNDLE_LOADER = "$(TEST_HOST)";
				CODE_SIGN_STYLE = Automatic;
				CURRENT_PROJECT_VERSION = 1;
				DEVELOPMENT_TEAM = WUT3LDJ9WL;
				GENERATE_INFOPLIST_FILE = YES;
				IPHONEOS_DEPLOYMENT_TARGET = 26.2;
				MARKETING_VERSION = 1.0;
				PRODUCT_BUNDLE_IDENTIFIER = io.github.sandeshyele2000.NILSampleTests;
				PRODUCT_NAME = "$(TARGET_NAME)";
				STRING_CATALOG_GENERATE_SYMBOLS = NO;
				SWIFT_APPROACHABLE_CONCURRENCY = YES;
				SWIFT_EMIT_LOC_STRINGS = NO;
				SWIFT_UPCOMING_FEATURE_MEMBER_IMPORT_VISIBILITY = YES;
				SWIFT_VERSION = 5.0;
				TARGETED_DEVICE_FAMILY = "1,2";
				TEST_HOST = "$(BUILT_PRODUCTS_DIR)/NILSample.app/$(BUNDLE_EXECUTABLE_FOLDER_PATH)/NILSample";
			};
			name = Debug;
		};
		02FC95C32FD5F8D300793D76 /* Release */ = {
			isa = XCBuildConfiguration;
			buildSettings = {
				BUNDLE_LOADER = "$(TEST_HOST)";
				CODE_SIGN_STYLE = Automatic;
				CURRENT_PROJECT_VERSION = 1;
				DEVELOPMENT_TEAM = WUT3LDJ9WL;
				GENERATE_INFOPLIST_FILE = YES;
				IPHONEOS_DEPLOYMENT_TARGET = 26.2;
				MARKETING_VERSION = 1.0;
				PRODUCT_BUNDLE_IDENTIFIER = io.github.sandeshyele2000.NILSampleTests;
				PRODUCT_NAME = "$(TARGET_NAME)";
				STRING_CATALOG_GENERATE_SYMBOLS = NO;
				SWIFT_APPROACHABLE_CONCURRENCY = YES;
				SWIFT_EMIT_LOC_STRINGS = NO;
				SWIFT_UPCOMING_FEATURE_MEMBER_IMPORT_VISIBILITY = YES;
				SWIFT_VERSION = 5.0;
				TARGETED_DEVICE_FAMILY = "1,2";
				TEST_HOST = "$(BUILT_PRODUCTS_DIR)/NILSample.app/$(BUNDLE_EXECUTABLE_FOLDER_PATH)/NILSample";
			};
			name = Release;
		};
		02FC95C52FD5F8D300793D76 /* Debug */ = {
			isa = XCBuildConfiguration;
			buildSettings = {
				CODE_SIGN_STYLE = Automatic;
				CURRENT_PROJECT_VERSION = 1;
				DEVELOPMENT_TEAM = WUT3LDJ9WL;
				GENERATE_INFOPLIST_FILE = YES;
				MARKETING_VERSION = 1.0;
				PRODUCT_BUNDLE_IDENTIFIER = io.github.sandeshyele2000.NILSampleUITests;
				PRODUCT_NAME = "$(TARGET_NAME)";
				STRING_CATALOG_GENERATE_SYMBOLS = NO;
				SWIFT_APPROACHABLE_CONCURRENCY = YES;
				SWIFT_EMIT_LOC_STRINGS = NO;
				SWIFT_UPCOMING_FEATURE_MEMBER_IMPORT_VISIBILITY = YES;
				SWIFT_VERSION = 5.0;
				TARGETED_DEVICE_FAMILY = "1,2";
				TEST_TARGET_NAME = NILSample;
			};
			name = Debug;
		};
		02FC95C62FD5F8D300793D76 /* Release */ = {
			isa = XCBuildConfiguration;
			buildSettings = {
				CODE_SIGN_STYLE = Automatic;
				CURRENT_PROJECT_VERSION = 1;
				DEVELOPMENT_TEAM = WUT3LDJ9WL;
				GENERATE_INFOPLIST_FILE = YES;
				MARKETING_VERSION = 1.0;
				PRODUCT_BUNDLE_IDENTIFIER = io.github.sandeshyele2000.NILSampleUITests;
				PRODUCT_NAME = "$(TARGET_NAME)";
				STRING_CATALOG_GENERATE_SYMBOLS = NO;
				SWIFT_APPROACHABLE_CONCURRENCY = YES;
				SWIFT_EMIT_LOC_STRINGS = NO;
				SWIFT_UPCOMING_FEATURE_MEMBER_IMPORT_VISIBILITY = YES;
				SWIFT_VERSION = 5.0;
				TARGETED_DEVICE_FAMILY = "1,2";
				TEST_TARGET_NAME = NILSample;
			};
			name = Release;
		};
/* End XCBuildConfiguration section */

/* Begin XCConfigurationList section */
		02FC95982FD5F8D100793D76 /* Build configuration list for PBXProject "NILSample" */ = {
			isa = XCConfigurationList;
			buildConfigurations = (
				02FC95BC2FD5F8D300793D76 /* Debug */,
				02FC95BD2FD5F8D300793D76 /* Release */,
			);
			defaultConfigurationIsVisible = 0;
			defaultConfigurationName = Release;
		};
		02FC95BE2FD5F8D300793D76 /* Build configuration list for PBXNativeTarget "NILSample" */ = {
			isa = XCConfigurationList;
			buildConfigurations = (
				02FC95BF2FD5F8D300793D76 /* Debug */,
				02FC95C02FD5F8D300793D76 /* Release */,
			);
			defaultConfigurationIsVisible = 0;
			defaultConfigurationName = Release;
		};
		02FC95C12FD5F8D300793D76 /* Build configuration list for PBXNativeTarget "NILSampleTests" */ = {
			isa = XCConfigurationList;
			buildConfigurations = (
				02FC95C22FD5F8D300793D76 /* Debug */,
				02FC95C32FD5F8D300793D76 /* Release */,
			);
			defaultConfigurationIsVisible = 0;
			defaultConfigurationName = Release;
		};
		02FC95C42FD5F8D300793D76 /* Build configuration list for PBXNativeTarget "NILSampleUITests" */ = {
			isa = XCConfigurationList;
			buildConfigurations = (
				02FC95C52FD5F8D300793D76 /* Debug */,
				02FC95C62FD5F8D300793D76 /* Release */,
			);
			defaultConfigurationIsVisible = 0;
			defaultConfigurationName = Release;
		};
/* End XCConfigurationList section */

/* Begin XCLocalSwiftPackageReference section */
		02FC95D72FD5FBA400793D76 /* XCLocalSwiftPackageReference "../NIL" */ = {
			isa = XCLocalSwiftPackageReference;
			relativePath = ../NIL;
		};
/* End XCLocalSwiftPackageReference section */

/* Begin XCSwiftPackageProductDependency section */
		02FC95C92FD5F9B800793D76 /* NIL */ = {
			isa = XCSwiftPackageProductDependency;
			productName = NIL;
		};
/* End XCSwiftPackageProductDependency section */
	};
	rootObject = 02FC95952FD5F8D100793D76 /* Project object */;
}
